{
  "name": "production_dashboard",
  "lockfileVersion": 2,
  "requires": true,
  "packages": {
    "": {
      "dependencies": {
        "chart.js": "^3.4.1",
        "chartjs-plugin-dragdata": "^2.0.2"
      }
    },
    "node_modules/chart.js": {
      "version": "3.4.1",
      "resolved": "https://registry.npmjs.org/chart.js/-/chart.js-3.4.1.tgz",
      "integrity": "sha512-0R4mL7WiBcYoazIhrzSYnWcOw6RmrRn7Q4nKZNsBQZCBrlkZKodQbfeojCCo8eETPRCs1ZNTsAcZhIfyhyP61g=="
    },
    "node_modules/chartjs-plugin-dragdata": {
      "version": "2.0.2",
      "resolved": "https://registry.npmjs.org/chartjs-plugin-dragdata/-/chartjs-plugin-dragdata-2.0.2.tgz",
      "integrity": "sha512-T7BWnkyNrM88Fq1v3Y+WSWpJUES7uM5ddeRpa7LTUblf/Q8DA1GIViqyNL/Ypgkc9yDsUBEVsaUcdjn+cgz8gQ==",
      "dependencies": {
        "chart.js": "^3.0.1",
        "d3-drag": "^2.0.0",
        "d3-selection": "^2.0.0"
      }
    },
    "node_modules/d3-dispatch": {
      "version": "2.0.0",
      "resolved": "https://registry.npmjs.org/d3-dispatch/-/d3-dispatch-2.0.0.tgz",
      "integrity": "sha512-S/m2VsXI7gAti2pBoLClFFTMOO1HTtT0j99AuXLoGFKO6deHDdnv6ZGTxSTTUTgO1zVcv82fCOtDjYK4EECmWA=="
    },
    "node_modules/d3-drag": {
      "version": "2.0.0",
      "resolved": "https://registry.npmjs.org/d3-drag/-/d3-drag-2.0.0.tgz",
      "integrity": "sha512-g9y9WbMnF5uqB9qKqwIIa/921RYWzlUDv9Jl1/yONQwxbOfszAWTCm8u7HOTgJgRDXiRZN56cHT9pd24dmXs8w==",
      "dependencies": {
        "d3-dispatch": "1 - 2",
        "d3-selection": "2"
      }
    },
    "node_modules/d3-selection": {
      "version": "2.0.0",
      "resolved": "https://registry.npmjs.org/d3-selection/-/d3-selection-2.0.0.tgz",
      "integrity": "sha512-XoGGqhLUN/W14NmaqcO/bb1nqjDAw5WtSYb2X8wiuQWvSZUsUVYsOSkOybUrNvcBjaywBdYPy03eXHMXjk9nZA=="
    }
  },
  "dependencies": {
    "chart.js": {
      "version": "3.4.1",
      "resolved": "https://registry.npmjs.org/chart.js/-/chart.js-3.4.1.tgz",
      "integrity": "sha512-0R4mL7WiBcYoazIhrzSYnWcOw6RmrRn7Q4nKZNsBQZCBrlkZKodQbfeojCCo8eETPRCs1ZNTsAcZhIfyhyP61g=="
    },
    "chartjs-plugin-dragdata": {
      "version": "2.0.2",
      "resolved": "https://registry.npmjs.org/chartjs-plugin-dragdata/-/chartjs-plugin-dragdata-2.0.2.tgz",
      "integrity": "sha512-T7BWnkyNrM88Fq1v3Y+WSWpJUES7uM5ddeRpa7LTUblf/Q8DA1GIViqyNL/Ypgkc9yDsUBEVsaUcdjn+cgz8gQ==",
      "requires": {
        "chart.js": "^3.0.1",
        "d3-drag": "^2.0.0",
        "d3-selection": "^2.0.0"
      }
    },
    "d3-dispatch": {
      "version": "2.0.0",
      "resolved": "https://registry.npmjs.org/d3-dispatch/-/d3-dispatch-2.0.0.tgz",
      "integrity": "sha512-S/m2VsXI7gAti2pBoLClFFTMOO1HTtT0j99AuXLoGFKO6deHDdnv6ZGTxSTTUTgO1zVcv82fCOtDjYK4EECmWA=="
    },
    "d3-drag": {
      "version": "2.0.0",
      "resolved": "https://registry.npmjs.org/d3-drag/-/d3-drag-2.0.0.tgz",
      "integrity": "sha512-g9y9WbMnF5uqB9qKqwIIa/921RYWzlUDv9Jl1/yONQwxbOfszAWTCm8u7HOTgJgRDXiRZN56cHT9pd24dmXs8w==",
      "requires": {
        "d3-dispatch": "1 - 2",
        "d3-selection": "2"
      }
    },
    "d3-selection": {
      "version": "2.0.0",
      "resolved": "https://registry.npmjs.org/d3-selection/-/d3-selection-2.0.0.tgz",
      "integrity": "sha512-XoGGqhLUN/W14NmaqcO/bb1nqjDAw5WtSYb2X8wiuQWvSZUsUVYsOSkOybUrNvcBjaywBdYPy03eXHMXjk9nZA=="
    }
  }
}
